
Microsoft Visual Studio Solution File, Format Version 12.00
# Visual Studio Version 16
VisualStudioVersion = 16.0.31624.102
MinimumVisualStudioVersion = 10.0.40219.1
Project("{8BC9CEB8-8B4A-11D0-8D11-00A0C91BC942}") = "LAB1", "ConsoleApplication1\ConsoleApplication1.vcxproj", "{A60A8BEB-DAB9-43BA-BAEA-BAD2470ED780}"
EndProject
Project("{8BC9CEB8-8B4A-11D0-8D11-00A0C91BC942}") = "LAB2", "LAB2\LAB2.vcxproj", "{899E3DFD-2DFF-4C42-877A-C90768973864}"
EndProject
Project("{8BC9CEB8-8B4A-11D0-8D11-00A0C91BC942}") = "LAB3", "LAB3\LAB3.vcxproj", "{F023D00D-B79A-4A88-AD36-6FF8AFA87988}"
EndProject
Global
	GlobalSection(SolutionConfigurationPlatforms) = preSolution
		Debug|x64 = Debug|x64
		Debug|x86 = Debug|x86
		Release|x64 = Release|x64
		Release|x86 = Release|x86
	EndGlobalSection
	GlobalSection(ProjectConfigurationPlatforms) = postSolution
		{A60A8BEB-DAB9-43BA-BAEA-BAD2470ED780}.Debug|x64.ActiveCfg = Debug|x64
		{A60A8BEB-DAB9-43BA-BAEA-BAD2470ED780}.Debug|x64.Build.0 = Debug|x64
		{A60A8BEB-DAB9-43BA-BAEA-BAD2470ED780}.Debug|x86.ActiveCfg = Debug|Win32
		{A60A8BEB-DAB9-43BA-BAEA-BAD2470ED780}.Debug|x86.Build.0 = Debug|Win32
		{A60A8BEB-DAB9-43BA-BAEA-BAD2470ED780}.Release|x64.ActiveCfg = Release|x64
		{A60A8BEB-DAB9-43BA-BAEA-BAD2470ED780}.Release|x64.Build.0 = Release|x64
		{A60A8BEB-DAB9-43BA-BAEA-BAD2470ED780}.Release|x86.ActiveCfg = Release|Win32
		{A60A8BEB-DAB9-43BA-BAEA-BAD2470ED780}.Release|x86.Build.0 = Release|Win32
		{899E3DFD-2DFF-4C42-877A-C90768973864}.Debug|x64.ActiveCfg = Debug|x64
		{899E3DFD-2DFF-4C42-877A-C90768973864}.Debug|x64.Build.0 = Debug|x64
		{899E3DFD-2DFF-4C42-877A-C90768973864}.Debug|x86.ActiveCfg = Debug|Win32
		{899E3DFD-2DFF-4C42-877A-C90768973864}.Debug|x86.Build.0 = Debug|Win32
		{899E3DFD-2DFF-4C42-877A-C90768973864}.Release|x64.ActiveCfg = Release|x64
		{899E3DFD-2DFF-4C42-877A-C90768973864}.Release|x64.Build.0 = Release|x64
		{899E3DFD-2DFF-4C42-877A-C90768973864}.Release|x86.ActiveCfg = Release|Win32
		{899E3DFD-2DFF-4C42-877A-C90768973864}.Release|x86.Build.0 = Release|Win32
		{F023D00D-B79A-4A88-AD36-6FF8AFA87988}.Debug|x64.ActiveCfg = Debug|x64
		{F023D00D-B79A-4A88-AD36-6FF8AFA87988}.Debug|x64.Build.0 = Debug|x64
		{F023D00D-B79A-4A88-AD36-6FF8AFA87988}.Debug|x86.ActiveCfg = Debug|Win32
		{F023D00D-B79A-4A88-AD36-6FF8AFA87988}.Debug|x86.Build.0 = Debug|Win32
		{F023D00D-B79A-4A88-AD36-6FF8AFA87988}.Release|x64.ActiveCfg = Release|x64
		{F023D00D-B79A-4A88-AD36-6FF8AFA87988}.Release|x64.Build.0 = Release|x64
		{F023D00D-B79A-4A88-AD36-6FF8AFA87988}.Release|x86.ActiveCfg = Release|Win32
		{F023D00D-B79A-4A88-AD36-6FF8AFA87988}.Release|x86.Build.0 = Release|Win32
	EndGlobalSection
	GlobalSection(SolutionProperties) = preSolution
		HideSolutionNode = FALSE
	EndGlobalSection
	GlobalSection(ExtensibilityGlobals) = postSolution
		SolutionGuid = {0BB5BA4D-DB03-484B-B3B7-D94D268FF690}
	EndGlobalSection
EndGlobal
